<?xml version="1.0" encoding="utf-8"?>
<Project ToolsVersion="4.0" xmlns="http://schemas.microsoft.com/developer/msbuild/2003">
  <ItemGroup>
    <Filter Include="Source Files">
      <UniqueIdentifier>{4FC737F1-C7A5-4376-A066-2A32D752A2FF}</UniqueIdentifier>
      <Extensions>cpp;c;cc;cxx;def;odl;idl;hpj;bat;asm;asmx</Extensions>
    </Filter>
    <Filter Include="Header Files">
      <UniqueIdentifier>{93995380-89BD-4b04-88EB-625FBE52EBFB}</UniqueIdentifier>
      <Extensions>h;hpp;hxx;hm;inl;inc;xsd</Extensions>
    </Filter>
    <Filter Include="Resource Files">
      <UniqueIdentifier>{67DA6AB6-F800-4c08-8B7A-83BB121AAD01}</UniqueIdentifier>
      <Extensions>rc;ico;cur;bmp;dlg;rc2;rct;bin;rgs;gif;jpg;jpeg;jpe;resx;tiff;tif;png;wav;mfcribbon-ms</Extensions>
    </Filter>
  </ItemGroup>
  <ItemGroup>
    <ClCompile Include="..\src\bitpacking.cpp">
      <Filter>Source Files</Filter>
    </ClCompile>
    <ClCompile Include="..\src\bitpackingaligned.cpp">
      <Filter>Source Files</Filter>
    </ClCompile>
    <ClCompile Include="..\src\bitpackingunaligned.cpp">
      <Filter>Source Files</Filter>
    </ClCompile>
    <ClCompile Include="..\src\inmemorybenchmark.cpp">
      <Filter>Source Files</Filter>
    </ClCompile>
    <ClCompile Include="..\src\simdbitpacking.cpp">
      <Filter>Source Files</Filter>
    </ClCompile>
  </ItemGroup>
  <ItemGroup>
    <ClInclude Include="..\headers\blockpacking.h">
      <Filter>Header Files</Filter>
    </ClInclude>
    <ClInclude Include="..\headers\CGLBitsReaderWriter.h">
      <Filter>Header Files</Filter>
    </ClInclude>
    <ClInclude Include="..\headers\CGLBitsReaderWriter.hpp">
      <Filter>Header Files</Filter>
    </ClInclude>
    <ClInclude Include="..\headers\CGLElias.hpp">
      <Filter>Header Files</Filter>
    </ClInclude>
    <ClInclude Include="..\headers\codecfactory.h">
      <Filter>Header Files</Filter>
    </ClInclude>
    <ClInclude Include="..\headers\codecs.h">
      <Filter>Header Files</Filter>
    </ClInclude>
    <ClInclude Include="..\headers\common.h">
      <Filter>Header Files</Filter>
    </ClInclude>
    <ClInclude Include="..\headers\compositecodec.h">
      <Filter>Header Files</Filter>
    </ClInclude>
    <ClInclude Include="..\headers\cpubenchmark.h">
      <Filter>Header Files</Filter>
    </ClInclude>
    <ClInclude Include="..\headers\csv.h">
      <Filter>Header Files</Filter>
    </ClInclude>
    <ClInclude Include="..\headers\deltautil.h">
      <Filter>Header Files</Filter>
    </ClInclude>
    <ClInclude Include="..\headers\entropy.h">
      <Filter>Header Files</Filter>
    </ClInclude>
    <ClInclude Include="..\headers\externalvector.h">
      <Filter>Header Files</Filter>
    </ClInclude>
    <ClInclude Include="..\headers\fastpfor.h">
      <Filter>Header Files</Filter>
    </ClInclude>
    <ClInclude Include="..\headers\horizontalbitpacking.h">
      <Filter>Header Files</Filter>
    </ClInclude>
    <ClInclude Include="..\headers\maropuparser.h">
      <Filter>Header Files</Filter>
    </ClInclude>
    <ClInclude Include="..\headers\memutil.h">
      <Filter>Header Files</Filter>
    </ClInclude>
    <ClInclude Include="..\headers\mersenne.h">
      <Filter>Header Files</Filter>
    </ClInclude>
    <ClInclude Include="..\headers\newpfor.h">
      <Filter>Header Files</Filter>
    </ClInclude>
    <ClInclude Include="..\headers\optpfor.h">
      <Filter>Header Files</Filter>
    </ClInclude>
    <ClInclude Include="..\headers\packingvectors.h">
      <Filter>Header Files</Filter>
    </ClInclude>
    <ClInclude Include="..\headers\pfor.h">
      <Filter>Header Files</Filter>
    </ClInclude>
    <ClInclude Include="..\headers\pfor2008.h">
      <Filter>Header Files</Filter>
    </ClInclude>
    <ClInclude Include="..\headers\rolledbitpacking.h">
      <Filter>Header Files</Filter>
    </ClInclude>
    <ClInclude Include="..\headers\simdbinarypacking.h">
      <Filter>Header Files</Filter>
    </ClInclude>
    <ClInclude Include="..\headers\simdbitpacking.h">
      <Filter>Header Files</Filter>
    </ClInclude>
    <ClInclude Include="..\headers\simdfastpfor.h">
      <Filter>Header Files</Filter>
    </ClInclude>
    <ClInclude Include="..\headers\simple8b.h">
      <Filter>Header Files</Filter>
    </ClInclude>
    <ClInclude Include="..\headers\simple9.h">
      <Filter>Header Files</Filter>
    </ClInclude>
    <ClInclude Include="..\headers\simple16.h">
      <Filter>Header Files</Filter>
    </ClInclude>
    <ClInclude Include="..\headers\snappydelta.h">
      <Filter>Header Files</Filter>
    </ClInclude>
    <ClInclude Include="..\headers\stringutil.h">
      <Filter>Header Files</Filter>
    </ClInclude>
    <ClInclude Include="..\headers\synthetic.h">
      <Filter>Header Files</Filter>
    </ClInclude>
    <ClInclude Include="..\headers\util.h">
      <Filter>Header Files</Filter>
    </ClInclude>
    <ClInclude Include="..\headers\variablebyte.h">
      <Filter>Header Files</Filter>
    </ClInclude>
    <ClInclude Include="..\headers\VarIntG8IU.h">
      <Filter>Header Files</Filter>
    </ClInclude>
    <ClInclude Include="..\headers\vsencoding.h">
      <Filter>Header Files</Filter>
    </ClInclude>
    <ClInclude Include="..\headers\ztimer.h">
      <Filter>Header Files</Filter>
    </ClInclude>
    <ClInclude Include="..\headers\bitpacking.h">
      <Filter>Header Files</Filter>
    </ClInclude>
    <ClInclude Include="..\headers\bitpackingaligned.h">
      <Filter>Header Files</Filter>
    </ClInclude>
    <ClInclude Include="..\headers\bitpackinghelpers.h">
      <Filter>Header Files</Filter>
    </ClInclude>
    <ClInclude Include="..\headers\bitpackingunaligned.h">
      <Filter>Header Files</Filter>
    </ClInclude>
  </ItemGroup>
</Project>